
Microsoft Visual Studio Solution File, Format Version 12.00
# Visual Studio 15
VisualStudioVersion = 15.0.27130.2036
MinimumVisualStudioVersion = 10.0.40219.1
Project("{FAE04EC0-301F-11D3-BF4B-00C04F79EFBC}") = "DemoFaceDetect.Android", "DemoFaceDetect\DemoFaceDetect.Android\DemoFaceDetect.Android.csproj", "{F4E5498F-9C82-45F1-B10D-5B410186597A}"
EndProject
Project("{FAE04EC0-301F-11D3-BF4B-00C04F79EFBC}") = "DemoFaceDetect.iOS", "DemoFaceDetect\DemoFaceDetect.iOS\DemoFaceDetect.iOS.csproj", "{53BB0EB6-D74F-4623-A52C-27BA8A2BE6A8}"
EndProject
Project("{FAE04EC0-301F-11D3-BF4B-00C04F79EFBC}") = "DemoFaceDetect", "DemoFaceDetect\DemoFaceDetect\DemoFaceDetect.csproj", "{2C0449D5-A514-4FAD-AC13-6F8034736DC1}"
EndProject
Global
	GlobalSection(SolutionConfigurationPlatforms) = preSolution
		Ad-Hoc|Any CPU = Ad-Hoc|Any CPU
		Ad-Hoc|iPhone = Ad-Hoc|iPhone
		Ad-Hoc|iPhoneSimulator = Ad-Hoc|iPhoneSimulator
		AppStore|Any CPU = AppStore|Any CPU
		AppStore|iPhone = AppStore|iPhone
		AppStore|iPhoneSimulator = AppStore|iPhoneSimulator
		Debug|Any CPU = Debug|Any CPU
		Debug|iPhone = Debug|iPhone
		Debug|iPhoneSimulator = Debug|iPhoneSimulator
		Release|Any CPU = Release|Any CPU
		Release|iPhone = Release|iPhone
		Release|iPhoneSimulator = Release|iPhoneSimulator
	EndGlobalSection
	GlobalSection(ProjectConfigurationPlatforms) = postSolution
		{F4E5498F-9C82-45F1-B10D-5B410186597A}.Ad-Hoc|Any CPU.ActiveCfg = Release|Any CPU
		{F4E5498F-9C82-45F1-B10D-5B410186597A}.Ad-Hoc|Any CPU.Build.0 = Release|Any CPU
		{F4E5498F-9C82-45F1-B10D-5B410186597A}.Ad-Hoc|Any CPU.Deploy.0 = Release|Any CPU
		{F4E5498F-9C82-45F1-B10D-5B410186597A}.Ad-Hoc|iPhone.ActiveCfg = Release|Any CPU
		{F4E5498F-9C82-45F1-B10D-5B410186597A}.Ad-Hoc|iPhone.Build.0 = Release|Any CPU
		{F4E5498F-9C82-45F1-B10D-5B410186597A}.Ad-Hoc|iPhone.Deploy.0 = Release|Any CPU
		{F4E5498F-9C82-45F1-B10D-5B410186597A}.Ad-Hoc|iPhoneSimulator.ActiveCfg = Release|Any CPU
		{F4E5498F-9C82-45F1-B10D-5B410186597A}.Ad-Hoc|iPhoneSimulator.Build.0 = Release|Any CPU
		{F4E5498F-9C82-45F1-B10D-5B410186597A}.Ad-Hoc|iPhoneSimulator.Deploy.0 = Release|Any CPU
		{F4E5498F-9C82-45F1-B10D-5B410186597A}.AppStore|Any CPU.ActiveCfg = Release|Any CPU
		{F4E5498F-9C82-45F1-B10D-5B410186597A}.AppStore|Any CPU.Build.0 = Release|Any CPU
		{F4E5498F-9C82-45F1-B10D-5B410186597A}.AppStore|Any CPU.Deploy.0 = Release|Any CPU
		{F4E5498F-9C82-45F1-B10D-5B410186597A}.AppStore|iPhone.ActiveCfg = Release|Any CPU
		{F4E5498F-9C82-45F1-B10D-5B410186597A}.AppStore|iPhone.Build.0 = Release|Any CPU
		{F4E5498F-9C82-45F1-B10D-5B410186597A}.AppStore|iPhone.Deploy.0 = Release|Any CPU
		{F4E5498F-9C82-45F1-B10D-5B410186597A}.AppStore|iPhoneSimulator.ActiveCfg = Release|Any CPU
		{F4E5498F-9C82-45F1-B10D-5B410186597A}.AppStore|iPhoneSimulator.Build.0 = Release|Any CPU
		{F4E5498F-9C82-45F1-B10D-5B410186597A}.AppStore|iPhoneSimulator.Deploy.0 = Release|Any CPU
		{F4E5498F-9C82-45F1-B10D-5B410186597A}.Debug|Any CPU.ActiveCfg = Debug|Any CPU
		{F4E5498F-9C82-45F1-B10D-5B410186597A}.Debug|Any CPU.Build.0 = Debug|Any CPU
		{F4E5498F-9C82-45F1-B10D-5B410186597A}.Debug|Any CPU.Deploy.0 = Debug|Any CPU
		{F4E5498F-9C82-45F1-B10D-5B410186597A}.Debug|iPhone.ActiveCfg = Debug|Any CPU
		{F4E5498F-9C82-45F1-B10D-5B410186597A}.Debug|iPhone.Build.0 = Debug|Any CPU
		{F4E5498F-9C82-45F1-B10D-5B410186597A}.Debug|iPhone.Deploy.0 = Debug|Any CPU
		{F4E5498F-9C82-45F1-B10D-5B410186597A}.Debug|iPhoneSimulator.ActiveCfg = Debug|Any CPU
		{F4E5498F-9C82-45F1-B10D-5B410186597A}.Debug|iPhoneSimulator.Build.0 = Debug|Any CPU
		{F4E5498F-9C82-45F1-B10D-5B410186597A}.Debug|iPhoneSimulator.Deploy.0 = Debug|Any CPU
		{F4E5498F-9C82-45F1-B10D-5B410186597A}.Release|Any CPU.ActiveCfg = Release|Any CPU
		{F4E5498F-9C82-45F1-B10D-5B410186597A}.Release|Any CPU.Build.0 = Release|Any CPU
		{F4E5498F-9C82-45F1-B10D-5B410186597A}.Release|Any CPU.Deploy.0 = Release|Any CPU
		{F4E5498F-9C82-45F1-B10D-5B410186597A}.Release|iPhone.ActiveCfg = Release|Any CPU
		{F4E5498F-9C82-45F1-B10D-5B410186597A}.Release|iPhone.Build.0 = Release|Any CPU
		{F4E5498F-9C82-45F1-B10D-5B410186597A}.Release|iPhone.Deploy.0 = Release|Any CPU
		{F4E5498F-9C82-45F1-B10D-5B410186597A}.Release|iPhoneSimulator.ActiveCfg = Release|Any CPU
		{F4E5498F-9C82-45F1-B10D-5B410186597A}.Release|iPhoneSimulator.Build.0 = Release|Any CPU
		{F4E5498F-9C82-45F1-B10D-5B410186597A}.Release|iPhoneSimulator.Deploy.0 = Release|Any CPU
		{53BB0EB6-D74F-4623-A52C-27BA8A2BE6A8}.Ad-Hoc|Any CPU.ActiveCfg = Ad-Hoc|iPhone
		{53BB0EB6-D74F-4623-A52C-27BA8A2BE6A8}.Ad-Hoc|iPhone.ActiveCfg = Ad-Hoc|iPhone
		{53BB0EB6-D74F-4623-A52C-27BA8A2BE6A8}.Ad-Hoc|iPhone.Build.0 = Ad-Hoc|iPhone
		{53BB0EB6-D74F-4623-A52C-27BA8A2BE6A8}.Ad-Hoc|iPhoneSimulator.ActiveCfg = Ad-Hoc|iPhoneSimulator
		{53BB0EB6-D74F-4623-A52C-27BA8A2BE6A8}.Ad-Hoc|iPhoneSimulator.Build.0 = Ad-Hoc|iPhoneSimulator
		{53BB0EB6-D74F-4623-A52C-27BA8A2BE6A8}.AppStore|Any CPU.ActiveCfg = AppStore|iPhone
		{53BB0EB6-D74F-4623-A52C-27BA8A2BE6A8}.AppStore|iPhone.ActiveCfg = AppStore|iPhone
		{53BB0EB6-D74F-4623-A52C-27BA8A2BE6A8}.AppStore|iPhone.Build.0 = AppStore|iPhone
		{53BB0EB6-D74F-4623-A52C-27BA8A2BE6A8}.AppStore|iPhoneSimulator.ActiveCfg = AppStore|iPhoneSimulator
		{53BB0EB6-D74F-4623-A52C-27BA8A2BE6A8}.AppStore|iPhoneSimulator.Build.0 = AppStore|iPhoneSimulator
		{53BB0EB6-D74F-4623-A52C-27BA8A2BE6A8}.Debug|Any CPU.ActiveCfg = Debug|iPhone
		{53BB0EB6-D74F-4623-A52C-27BA8A2BE6A8}.Debug|iPhone.ActiveCfg = Debug|iPhone
		{53BB0EB6-D74F-4623-A52C-27BA8A2BE6A8}.Debug|iPhone.Build.0 = Debug|iPhone
		{53BB0EB6-D74F-4623-A52C-27BA8A2BE6A8}.Debug|iPhoneSimulator.ActiveCfg = Debug|iPhoneSimulator
		{53BB0EB6-D74F-4623-A52C-27BA8A2BE6A8}.Debug|iPhoneSimulator.Build.0 = Debug|iPhoneSimulator
		{53BB0EB6-D74F-4623-A52C-27BA8A2BE6A8}.Release|Any CPU.ActiveCfg = Release|iPhone
		{53BB0EB6-D74F-4623-A52C-27BA8A2BE6A8}.Release|iPhone.ActiveCfg = Release|iPhone
		{53BB0EB6-D74F-4623-A52C-27BA8A2BE6A8}.Release|iPhone.Build.0 = Release|iPhone
		{53BB0EB6-D74F-4623-A52C-27BA8A2BE6A8}.Release|iPhoneSimulator.ActiveCfg = Release|iPhoneSimulator
		{53BB0EB6-D74F-4623-A52C-27BA8A2BE6A8}.Release|iPhoneSimulator.Build.0 = Release|iPhoneSimulator
		{2C0449D5-A514-4FAD-AC13-6F8034736DC1}.Ad-Hoc|Any CPU.ActiveCfg = Debug|Any CPU
		{2C0449D5-A514-4FAD-AC13-6F8034736DC1}.Ad-Hoc|Any CPU.Build.0 = Debug|Any CPU
		{2C0449D5-A514-4FAD-AC13-6F8034736DC1}.Ad-Hoc|iPhone.ActiveCfg = Debug|Any CPU
		{2C0449D5-A514-4FAD-AC13-6F8034736DC1}.Ad-Hoc|iPhone.Build.0 = Debug|Any CPU
		{2C0449D5-A514-4FAD-AC13-6F8034736DC1}.Ad-Hoc|iPhoneSimulator.ActiveCfg = Debug|Any CPU
		{2C0449D5-A514-4FAD-AC13-6F8034736DC1}.Ad-Hoc|iPhoneSimulator.Build.0 = Debug|Any CPU
		{2C0449D5-A514-4FAD-AC13-6F8034736DC1}.AppStore|Any CPU.ActiveCfg = Debug|Any CPU
		{2C0449D5-A514-4FAD-AC13-6F8034736DC1}.AppStore|Any CPU.Build.0 = Debug|Any CPU
		{2C0449D5-A514-4FAD-AC13-6F8034736DC1}.AppStore|iPhone.ActiveCfg = Debug|Any CPU
		{2C0449D5-A514-4FAD-AC13-6F8034736DC1}.AppStore|iPhone.Build.0 = Debug|Any CPU
		{2C0449D5-A514-4FAD-AC13-6F8034736DC1}.AppStore|iPhoneSimulator.ActiveCfg = Debug|Any CPU
		{2C0449D5-A514-4FAD-AC13-6F8034736DC1}.AppStore|iPhoneSimulator.Build.0 = Debug|Any CPU
		{2C0449D5-A514-4FAD-AC13-6F8034736DC1}.Debug|Any CPU.ActiveCfg = Debug|Any CPU
		{2C0449D5-A514-4FAD-AC13-6F8034736DC1}.Debug|Any CPU.Build.0 = Debug|Any CPU
		{2C0449D5-A514-4FAD-AC13-6F8034736DC1}.Debug|iPhone.ActiveCfg = Debug|Any CPU
		{2C0449D5-A514-4FAD-AC13-6F8034736DC1}.Debug|iPhone.Build.0 = Debug|Any CPU
		{2C0449D5-A514-4FAD-AC13-6F8034736DC1}.Debug|iPhoneSimulator.ActiveCfg = Debug|Any CPU
		{2C0449D5-A514-4FAD-AC13-6F8034736DC1}.Debug|iPhoneSimulator.Build.0 = Debug|Any CPU
		{2C0449D5-A514-4FAD-AC13-6F8034736DC1}.Release|Any CPU.ActiveCfg = Release|Any CPU
		{2C0449D5-A514-4FAD-AC13-6F8034736DC1}.Release|Any CPU.Build.0 = Release|Any CPU
		{2C0449D5-A514-4FAD-AC13-6F8034736DC1}.Release|iPhone.ActiveCfg = Release|Any CPU
		{2C0449D5-A514-4FAD-AC13-6F8034736DC1}.Release|iPhone.Build.0 = Release|Any CPU
		{2C0449D5-A514-4FAD-AC13-6F8034736DC1}.Release|iPhoneSimulator.ActiveCfg = Release|Any CPU
		{2C0449D5-A514-4FAD-AC13-6F8034736DC1}.Release|iPhoneSimulator.Build.0 = Release|Any CPU
	EndGlobalSection
	GlobalSection(SolutionProperties) = preSolution
		HideSolutionNode = FALSE
	EndGlobalSection
	GlobalSection(ExtensibilityGlobals) = postSolution
		SolutionGuid = {78FBBAB4-02B3-4929-A08F-B1046F6C3769}
	EndGlobalSection
EndGlobal
